
Microsoft Visual Studio Solution File, Format Version 12.00
# Visual Studio Version 17
VisualStudioVersion = 17.4.33205.214
MinimumVisualStudioVersion = 10.0.40219.1
Project("{FAE04EC0-301F-11D3-BF4B-00C04F79EFBC}") = "QuartzSample", "QuartzSample\QuartzSample.csproj", "{15EB03A8-F79F-4375-BFB7-3456D17C579F}"
EndProject
Global
	GlobalSection(SolutionConfigurationPlatforms) = preSolution
		Debug|Any CPU = Debug|Any CPU
		Release|Any CPU = Release|Any CPU
	EndGlobalSection
	GlobalSection(ProjectConfigurationPlatforms) = postSolution
		{15EB03A8-F79F-4375-BFB7-3456D17C579F}.Debug|Any CPU.ActiveCfg = Debug|Any CPU
		{15EB03A8-F79F-4375-BFB7-3456D17C579F}.Debug|Any CPU.Build.0 = Debug|Any CPU
		{15EB03A8-F79F-4375-BFB7-3456D17C579F}.Release|Any CPU.ActiveCfg = Release|Any CPU
		{15EB03A8-F79F-4375-BFB7-3456D17C579F}.Release|Any CPU.Build.0 = Release|Any CPU
	EndGlobalSection
	GlobalSection(SolutionProperties) = preSolution
		HideSolutionNode = FALSE
	EndGlobalSection
	GlobalSection(ExtensibilityGlobals) = postSolution
		SolutionGuid = {B50E7955-CF84-4DBA-94C4-BBABF4A9C416}
	EndGlobalSection
EndGlobal
